
Microsoft Visual Studio Solution File, Format Version 12.00
# Visual Studio 15
VisualStudioVersion = 15.0.27428.2005
MinimumVisualStudioVersion = 10.0.40219.1
Project("{FAE04EC0-301F-11D3-BF4B-00C04F79EFBC}") = "UTM_Changer", "UTM_Changer\UTM_Changer.csproj", "{F08D483B-9494-4E01-91B3-18322AAA1F13}"
EndProject
Global
	GlobalSection(SolutionConfigurationPlatforms) = preSolution
		Debug|Any CPU = Debug|Any CPU
		Release|Any CPU = Release|Any CPU
	EndGlobalSection
	GlobalSection(ProjectConfigurationPlatforms) = postSolution
		{F08D483B-9494-4E01-91B3-18322AAA1F13}.Debug|Any CPU.ActiveCfg = Debug|Any CPU
		{F08D483B-9494-4E01-91B3-18322AAA1F13}.Debug|Any CPU.Build.0 = Debug|Any CPU
		{F08D483B-9494-4E01-91B3-18322AAA1F13}.Release|Any CPU.ActiveCfg = Release|Any CPU
		{F08D483B-9494-4E01-91B3-18322AAA1F13}.Release|Any CPU.Build.0 = Release|Any CPU
	EndGlobalSection
	GlobalSection(SolutionProperties) = preSolution
		HideSolutionNode = FALSE
	EndGlobalSection
	GlobalSection(ExtensibilityGlobals) = postSolution
		SolutionGuid = {217011D9-1C63-4353-B2DB-2EF1A98A4C1D}
	EndGlobalSection
EndGlobal
